<?xml version="1.0" encoding="utf-8"?>
<Project ToolsVersion="4.0" xmlns="http://schemas.microsoft.com/developer/msbuild/2003">
  <ItemGroup>
    <ClCompile Include="CheckeredFloor.cpp" />
    <ClCompile Include="Mesh.cpp" />
    <ClCompile Include="ModelLoader.cpp" />
    <ClCompile Include="IDrawable.cpp" />
    <ClCompile Include="PointLight.cpp" />
    <ClCompile Include="LightManager.cpp" />
    <ClCompile Include="material.cpp" />
    <ClCompile Include="ModelView.cpp" />
    <ClCompile Include="MyGlWindow.cpp" />
    <ClCompile Include="Source.cpp" />
    <ClCompile Include="Sphere.cpp" />
    <ClCompile Include="Viewer.cpp" />
    <ClCompile Include="IShader.cpp" />
    <ClCompile Include="PhongShader.cpp" />
  </ItemGroup>
  <ItemGroup>
    <ClInclude Include="CheckeredFloor.h" />
    <ClInclude Include="debug.h" />
    <ClInclude Include="IDrawable.h" />
    <ClInclude Include="PointLight.h" />
    <ClInclude Include="LightManager.h" />
    <ClInclude Include="Loader.h" />
    <ClInclude Include="material.h" />
    <ClInclude Include="Mesh.h" />
    <ClInclude Include="ModelLoader.h" />
    <ClInclude Include="ModelView.h" />
    <ClInclude Include="MyGlWindow.h" />
    <ClInclude Include="Sphere.h" />
    <ClInclude Include="Viewer.h" />
    <ClInclude Include="IShader.h" />
    <ClInclude Include="PhongShader.h" />
  </ItemGroup>
  <ItemGroup>
    <None Include="floor.frag" />
    <None Include="floor.vert" />
    <None Include="modelLoader.frag" />
    <None Include="modelLoader.vert" />
    <None Include="modelLoaderTexture.frag" />
    <None Include="simple_phong.frag">
      <Filter>Shaders</Filter>
    </None>
    <None Include="simple_phong.vert">
      <Filter>Shaders</Filter>
    </None>
  </ItemGroup>
  <ItemGroup>
    <Filter Include="Shaders">
      <UniqueIdentifier>{58f50cf7-de15-4a85-8a97-4ce0bad27c9b}</UniqueIdentifier>
    </Filter>
  </ItemGroup>
</Project>